
Microsoft Visual Studio Solution File, Format Version 12.00
# Visual Studio Version 17
VisualStudioVersion = 17.12.35209.166
MinimumVisualStudioVersion = 10.0.40219.1
Project("{FAE04EC0-301F-11D3-BF4B-00C04F79EFBC}") = "Balalbookapi", "Balalbookapi\Balalbookapi.csproj", "{3EA90904-117A-4920-873E-204F5B05E28E}"
EndProject
Project("{FAE04EC0-301F-11D3-BF4B-00C04F79EFBC}") = "WebBook", "WebBook\WebBook.csproj", "{6F502660-2031-4A2D-B6B3-34D5ED0E712C}"
EndProject
Global
	GlobalSection(SolutionConfigurationPlatforms) = preSolution
		Debug|Any CPU = Debug|Any CPU
		Release|Any CPU = Release|Any CPU
	EndGlobalSection
	GlobalSection(ProjectConfigurationPlatforms) = postSolution
		{3EA90904-117A-4920-873E-204F5B05E28E}.Debug|Any CPU.ActiveCfg = Debug|Any CPU
		{3EA90904-117A-4920-873E-204F5B05E28E}.Debug|Any CPU.Build.0 = Debug|Any CPU
		{3EA90904-117A-4920-873E-204F5B05E28E}.Release|Any CPU.ActiveCfg = Release|Any CPU
		{3EA90904-117A-4920-873E-204F5B05E28E}.Release|Any CPU.Build.0 = Release|Any CPU
		{6F502660-2031-4A2D-B6B3-34D5ED0E712C}.Debug|Any CPU.ActiveCfg = Debug|Any CPU
		{6F502660-2031-4A2D-B6B3-34D5ED0E712C}.Debug|Any CPU.Build.0 = Debug|Any CPU
		{6F502660-2031-4A2D-B6B3-34D5ED0E712C}.Release|Any CPU.ActiveCfg = Release|Any CPU
		{6F502660-2031-4A2D-B6B3-34D5ED0E712C}.Release|Any CPU.Build.0 = Release|Any CPU
	EndGlobalSection
	GlobalSection(SolutionProperties) = preSolution
		HideSolutionNode = FALSE
	EndGlobalSection
	GlobalSection(ExtensibilityGlobals) = postSolution
		SolutionGuid = {0C4E22E6-26FE-48CA-B969-D1D9A97E3C94}
	EndGlobalSection
EndGlobal
